
Microsoft Visual Studio Solution File, Format Version 12.00
# Visual Studio 14
VisualStudioVersion = 14.0.25123.0
MinimumVisualStudioVersion = 10.0.40219.1
Project("{FAE04EC0-301F-11D3-BF4B-00C04F79EFBC}") = "Hout.Models", "Hout.Models\Hout.Models.csproj", "{C0096B99-227D-4C85-988E-5A8A69D0C319}"
EndProject
Project("{FAE04EC0-301F-11D3-BF4B-00C04F79EFBC}") = "Hout.Plugins.LimitlessLED", "Hout.Plugins.LimitlessLED\Hout.Plugins.LimitlessLED.csproj", "{7375980E-F512-4C1C-895B-996F30AC68A8}"
EndProject
Project("{2150E333-8FDC-42A3-9474-1A3956D46DE8}") = "Plugins", "Plugins", "{F6DE2663-5F0F-467F-A418-80C0DF278CE5}"
EndProject
Project("{FAE04EC0-301F-11D3-BF4B-00C04F79EFBC}") = "Hout.Service", "Hout.Service\Hout.Service.csproj", "{E5968EA9-FE55-4A0E-97B0-E100AF43B645}"
EndProject
Project("{FAE04EC0-301F-11D3-BF4B-00C04F79EFBC}") = "Hout.Plugins.LimitlessLED.Tests", "Hout.Plugins.LimitlessLED.Tests\Hout.Plugins.LimitlessLED.Tests.csproj", "{4546B09F-7E9A-469D-BA3D-F7B22BE72DC0}"
EndProject
Global
	GlobalSection(SolutionConfigurationPlatforms) = preSolution
		Debug|Any CPU = Debug|Any CPU
		Release|Any CPU = Release|Any CPU
	EndGlobalSection
	GlobalSection(ProjectConfigurationPlatforms) = postSolution
		{C0096B99-227D-4C85-988E-5A8A69D0C319}.Debug|Any CPU.ActiveCfg = Debug|Any CPU
		{C0096B99-227D-4C85-988E-5A8A69D0C319}.Debug|Any CPU.Build.0 = Debug|Any CPU
		{C0096B99-227D-4C85-988E-5A8A69D0C319}.Release|Any CPU.ActiveCfg = Release|Any CPU
		{C0096B99-227D-4C85-988E-5A8A69D0C319}.Release|Any CPU.Build.0 = Release|Any CPU
		{7375980E-F512-4C1C-895B-996F30AC68A8}.Debug|Any CPU.ActiveCfg = Debug|Any CPU
		{7375980E-F512-4C1C-895B-996F30AC68A8}.Debug|Any CPU.Build.0 = Debug|Any CPU
		{7375980E-F512-4C1C-895B-996F30AC68A8}.Release|Any CPU.ActiveCfg = Release|Any CPU
		{7375980E-F512-4C1C-895B-996F30AC68A8}.Release|Any CPU.Build.0 = Release|Any CPU
		{E5968EA9-FE55-4A0E-97B0-E100AF43B645}.Debug|Any CPU.ActiveCfg = Debug|Any CPU
		{E5968EA9-FE55-4A0E-97B0-E100AF43B645}.Debug|Any CPU.Build.0 = Debug|Any CPU
		{E5968EA9-FE55-4A0E-97B0-E100AF43B645}.Release|Any CPU.ActiveCfg = Release|Any CPU
		{E5968EA9-FE55-4A0E-97B0-E100AF43B645}.Release|Any CPU.Build.0 = Release|Any CPU
		{4546B09F-7E9A-469D-BA3D-F7B22BE72DC0}.Debug|Any CPU.ActiveCfg = Debug|Any CPU
		{4546B09F-7E9A-469D-BA3D-F7B22BE72DC0}.Debug|Any CPU.Build.0 = Debug|Any CPU
		{4546B09F-7E9A-469D-BA3D-F7B22BE72DC0}.Release|Any CPU.ActiveCfg = Release|Any CPU
		{4546B09F-7E9A-469D-BA3D-F7B22BE72DC0}.Release|Any CPU.Build.0 = Release|Any CPU
	EndGlobalSection
	GlobalSection(SolutionProperties) = preSolution
		HideSolutionNode = FALSE
	EndGlobalSection
	GlobalSection(NestedProjects) = preSolution
		{7375980E-F512-4C1C-895B-996F30AC68A8} = {F6DE2663-5F0F-467F-A418-80C0DF278CE5}
		{4546B09F-7E9A-469D-BA3D-F7B22BE72DC0} = {F6DE2663-5F0F-467F-A418-80C0DF278CE5}
	EndGlobalSection
EndGlobal
